
Microsoft Visual Studio Solution File, Format Version 12.00
# Visual Studio Version 17
VisualStudioVersion = 17.9.34622.214
MinimumVisualStudioVersion = 10.0.40219.1
Project("{9A19103F-16F7-4668-BE54-9A1E7A4F7556}") = "GuaranteedOrderTransactionalPublisher", "GuaranteedOrderTransactionalPublisher\GuaranteedOrderTransactionalPublisher.csproj", "{817F7498-23D2-4DEE-9B96-895062E31C4D}"
EndProject
Project("{9A19103F-16F7-4668-BE54-9A1E7A4F7556}") = "PingPublisher", "PingPublisher\PingPublisher.csproj", "{2E7BD90D-533D-4EFB-98FF-8EC3EFBF169F}"
EndProject
Global
	GlobalSection(SolutionConfigurationPlatforms) = preSolution
		Debug|Any CPU = Debug|Any CPU
		Release|Any CPU = Release|Any CPU
	EndGlobalSection
	GlobalSection(ProjectConfigurationPlatforms) = postSolution
		{817F7498-23D2-4DEE-9B96-895062E31C4D}.Debug|Any CPU.ActiveCfg = Debug|Any CPU
		{817F7498-23D2-4DEE-9B96-895062E31C4D}.Debug|Any CPU.Build.0 = Debug|Any CPU
		{817F7498-23D2-4DEE-9B96-895062E31C4D}.Release|Any CPU.ActiveCfg = Release|Any CPU
		{817F7498-23D2-4DEE-9B96-895062E31C4D}.Release|Any CPU.Build.0 = Release|Any CPU
		{2E7BD90D-533D-4EFB-98FF-8EC3EFBF169F}.Debug|Any CPU.ActiveCfg = Debug|Any CPU
		{2E7BD90D-533D-4EFB-98FF-8EC3EFBF169F}.Debug|Any CPU.Build.0 = Debug|Any CPU
		{2E7BD90D-533D-4EFB-98FF-8EC3EFBF169F}.Release|Any CPU.ActiveCfg = Release|Any CPU
		{2E7BD90D-533D-4EFB-98FF-8EC3EFBF169F}.Release|Any CPU.Build.0 = Release|Any CPU
	EndGlobalSection
	GlobalSection(SolutionProperties) = preSolution
		HideSolutionNode = FALSE
	EndGlobalSection
	GlobalSection(ExtensibilityGlobals) = postSolution
		SolutionGuid = {95ECD3E9-D1F8-4BF7-A0E7-7C2B9CD48519}
	EndGlobalSection
EndGlobal
